
Microsoft Visual Studio Solution File, Format Version 12.00
# Visual Studio Version 16
VisualStudioVersion = 16.0.32407.337
MinimumVisualStudioVersion = 10.0.40219.1
Project("{FAE04EC0-301F-11D3-BF4B-00C04F79EFBC}") = "HttpToHttpsProxy", "HttpToHttpsProxy.csproj", "{F4F2775B-001F-42BD-A407-451125E9425F}"
EndProject
Global
	GlobalSection(SolutionConfigurationPlatforms) = preSolution
		Debug|Any CPU = Debug|Any CPU
		Release|Any CPU = Release|Any CPU
	EndGlobalSection
	GlobalSection(ProjectConfigurationPlatforms) = postSolution
		{F4F2775B-001F-42BD-A407-451125E9425F}.Debug|Any CPU.ActiveCfg = Debug|Any CPU
		{F4F2775B-001F-42BD-A407-451125E9425F}.Debug|Any CPU.Build.0 = Debug|Any CPU
		{F4F2775B-001F-42BD-A407-451125E9425F}.Release|Any CPU.ActiveCfg = Release|Any CPU
		{F4F2775B-001F-42BD-A407-451125E9425F}.Release|Any CPU.Build.0 = Release|Any CPU
	EndGlobalSection
	GlobalSection(SolutionProperties) = preSolution
		HideSolutionNode = FALSE
	EndGlobalSection
	GlobalSection(ExtensibilityGlobals) = postSolution
		SolutionGuid = {AEDC4B60-21EB-478F-99B6-48131B1ECBF5}
	EndGlobalSection
EndGlobal
