Microsoft Visual Studio Solution File, Format Version 11.00
# Visual Studio 2010
Project("{8BC9CEB8-8B4A-11D0-8D11-00A0C91BC942}") = "PortableThreadDemo", "PortableThreadDemo.vcxproj", "{C5B6B7C7-D01E-435E-80FB-BB9AE65349FB}"
EndProject
Project("{8BC9CEB8-8B4A-11D0-8D11-00A0C91BC942}") = "bzshlp", "..\..\bzshlp\bzshlp.vcxproj", "{443B5C7D-6675-4A16-A297-E8653EEE39AD}"
EndProject
Project("{8BC9CEB8-8B4A-11D0-8D11-00A0C91BC942}") = "bzscore", "..\..\bzscore\bzscore.vcxproj", "{A009693F-AADD-42CF-8E6E-F7BBF5601E5C}"
EndProject
Global
	GlobalSection(SolutionConfigurationPlatforms) = preSolution
		Debug (Posix)|Win32 = Debug (Posix)|Win32
		Debug (Win32)|Win32 = Debug (Win32)|Win32
		Release (Posix)|Win32 = Release (Posix)|Win32
		Release (Win32)|Win32 = Release (Win32)|Win32
	EndGlobalSection
	GlobalSection(ProjectConfigurationPlatforms) = postSolution
		{C5B6B7C7-D01E-435E-80FB-BB9AE65349FB}.Debug (Posix)|Win32.ActiveCfg = Debug (Posix)|Win32
		{C5B6B7C7-D01E-435E-80FB-BB9AE65349FB}.Debug (Posix)|Win32.Build.0 = Debug (Posix)|Win32
		{C5B6B7C7-D01E-435E-80FB-BB9AE65349FB}.Debug (Win32)|Win32.ActiveCfg = Debug (Win32)|Win32
		{C5B6B7C7-D01E-435E-80FB-BB9AE65349FB}.Debug (Win32)|Win32.Build.0 = Debug (Win32)|Win32
		{C5B6B7C7-D01E-435E-80FB-BB9AE65349FB}.Release (Posix)|Win32.ActiveCfg = Release (Posix)|Win32
		{C5B6B7C7-D01E-435E-80FB-BB9AE65349FB}.Release (Posix)|Win32.Build.0 = Release (Posix)|Win32
		{C5B6B7C7-D01E-435E-80FB-BB9AE65349FB}.Release (Win32)|Win32.ActiveCfg = Release (Win32)|Win32
		{C5B6B7C7-D01E-435E-80FB-BB9AE65349FB}.Release (Win32)|Win32.Build.0 = Release (Win32)|Win32
		{443B5C7D-6675-4A16-A297-E8653EEE39AD}.Debug (Posix)|Win32.ActiveCfg = Debug (Posix)|Win32
		{443B5C7D-6675-4A16-A297-E8653EEE39AD}.Debug (Posix)|Win32.Build.0 = Debug (Posix)|Win32
		{443B5C7D-6675-4A16-A297-E8653EEE39AD}.Debug (Win32)|Win32.ActiveCfg = Debug (Win32)|Win32
		{443B5C7D-6675-4A16-A297-E8653EEE39AD}.Debug (Win32)|Win32.Build.0 = Debug (Win32)|Win32
		{443B5C7D-6675-4A16-A297-E8653EEE39AD}.Release (Posix)|Win32.ActiveCfg = Release (Posix)|Win32
		{443B5C7D-6675-4A16-A297-E8653EEE39AD}.Release (Posix)|Win32.Build.0 = Release (Posix)|Win32
		{443B5C7D-6675-4A16-A297-E8653EEE39AD}.Release (Win32)|Win32.ActiveCfg = Release (Win32)|Win32
		{443B5C7D-6675-4A16-A297-E8653EEE39AD}.Release (Win32)|Win32.Build.0 = Release (Win32)|Win32
		{A009693F-AADD-42CF-8E6E-F7BBF5601E5C}.Debug (Posix)|Win32.ActiveCfg = Debug (Posix)|Win32
		{A009693F-AADD-42CF-8E6E-F7BBF5601E5C}.Debug (Posix)|Win32.Build.0 = Debug (Posix)|Win32
		{A009693F-AADD-42CF-8E6E-F7BBF5601E5C}.Debug (Win32)|Win32.ActiveCfg = Debug (Win32)|Win32
		{A009693F-AADD-42CF-8E6E-F7BBF5601E5C}.Debug (Win32)|Win32.Build.0 = Debug (Win32)|Win32
		{A009693F-AADD-42CF-8E6E-F7BBF5601E5C}.Release (Posix)|Win32.ActiveCfg = Release (Posix)|Win32
		{A009693F-AADD-42CF-8E6E-F7BBF5601E5C}.Release (Posix)|Win32.Build.0 = Release (Posix)|Win32
		{A009693F-AADD-42CF-8E6E-F7BBF5601E5C}.Release (Win32)|Win32.ActiveCfg = Release (Win32)|Win32
		{A009693F-AADD-42CF-8E6E-F7BBF5601E5C}.Release (Win32)|Win32.Build.0 = Release (Win32)|Win32
	EndGlobalSection
	GlobalSection(SolutionProperties) = preSolution
		HideSolutionNode = FALSE
	EndGlobalSection
EndGlobal
