
Microsoft Visual Studio Solution File, Format Version 12.00
# Visual Studio Version 16
VisualStudioVersion = 16.0.32407.337
MinimumVisualStudioVersion = 10.0.40219.1
Project("{8BC9CEB8-8B4A-11D0-8D11-00A0C91BC942}") = "SymLoader", "SymLoader.vcxproj", "{AB215782-9914-418C-8B05-9352B5D89D80}"
EndProject
Global
	GlobalSection(SolutionConfigurationPlatforms) = preSolution
		Debug|x64 = Debug|x64
		Debug|x86 = Debug|x86
		Release|x64 = Release|x64
		Release|x86 = Release|x86
	EndGlobalSection
	GlobalSection(ProjectConfigurationPlatforms) = postSolution
		{AB215782-9914-418C-8B05-9352B5D89D80}.Debug|x64.ActiveCfg = Debug|x64
		{AB215782-9914-418C-8B05-9352B5D89D80}.Debug|x64.Build.0 = Debug|x64
		{AB215782-9914-418C-8B05-9352B5D89D80}.Debug|x86.ActiveCfg = Debug|Win32
		{AB215782-9914-418C-8B05-9352B5D89D80}.Debug|x86.Build.0 = Debug|Win32
		{AB215782-9914-418C-8B05-9352B5D89D80}.Release|x64.ActiveCfg = Release|x64
		{AB215782-9914-418C-8B05-9352B5D89D80}.Release|x64.Build.0 = Release|x64
		{AB215782-9914-418C-8B05-9352B5D89D80}.Release|x86.ActiveCfg = Release|Win32
		{AB215782-9914-418C-8B05-9352B5D89D80}.Release|x86.Build.0 = Release|Win32
	EndGlobalSection
	GlobalSection(SolutionProperties) = preSolution
		HideSolutionNode = FALSE
	EndGlobalSection
	GlobalSection(ExtensibilityGlobals) = postSolution
		SolutionGuid = {207C773E-A3AE-40CC-B61A-011241B1DA84}
	EndGlobalSection
EndGlobal
